{
	"name": "latex-log-parser-sharelatex",
	"version": "1.0.0",
	"lockfileVersion": 1,
	"requires": true,
	"dependencies": {
		"coffee-script": {
			"version": "1.12.7",
			"resolved": "https://registry.npmjs.org/coffee-script/-/coffee-script-1.12.7.tgz",
			"integrity": "sha512-fLeEhqwymYat/MpTPUjSKHVYYl0ec2mOyALEMLmzr5i1isuG+6jfI2j2d5oBO3VIzgUXgBVIcOT9uH1TFxBckw=="
		}
	}
}
