{
  "name": "prices",
  "version": "1.0.0",
  "lockfileVersion": 3,
  "requires": true,
  "packages": {
    "": {
      "name": "prices",
      "version": "1.0.0",
      "license": "ISC",
      "devDependencies": {
        "csv": "^6.2.10",
        "minimist": "^1.2.8"
      }
    },
    "node_modules/csv": {
      "version": "6.2.10",
      "resolved": "https://registry.npmjs.org/csv/-/csv-6.2.10.tgz",
      "integrity": "sha512-aO1dkeMlzWHvtKOdiTeqt7G4SwF/JtJ2fYNOMtlrGiKERD+ASq+QZelGqpFCzHGvZSIhzDtwqRVEgPMkme2BQg==",
      "dev": true,
      "dependencies": {
        "csv-generate": "^4.2.4",
        "csv-parse": "^5.3.8",
        "csv-stringify": "^6.3.2",
        "stream-transform": "^3.2.4"
      },
      "engines": {
        "node": ">= 0.1.90"
      }
    },
    "node_modules/csv-generate": {
      "version": "4.2.4",
      "resolved": "https://registry.npmjs.org/csv-generate/-/csv-generate-4.2.4.tgz",
      "integrity": "sha512-PvEwuRksnW30I1DlZnVuCVMOiff7ZoUXOCMQJ1c0DPKXQkIC87hWvqJ4ztO70ceQMQER1hp/Lajo8KIy7at1PA==",
      "dev": true
    },
    "node_modules/csv-parse": {
      "version": "5.3.8",
      "resolved": "https://registry.npmjs.org/csv-parse/-/csv-parse-5.3.8.tgz",
      "integrity": "sha512-ird8lzMv9I64oqIVIHdaTbT7Yr55n2C/Nv6m1LxO7nddLEeI67468VQ9Ik+r6lwYbK9kTE1oSqAVcVKc/Uqx6g==",
      "dev": true
    },
    "node_modules/csv-stringify": {
      "version": "6.3.2",
      "resolved": "https://registry.npmjs.org/csv-stringify/-/csv-stringify-6.3.2.tgz",
      "integrity": "sha512-dD9gfbxNKa5v90NHiE2Qd6F9I52GtJjGTfowwzqiNDZD/+NPW3h19d2Nvv311a8QUW11rYRobco27nvVAnCrLw==",
      "dev": true
    },
    "node_modules/minimist": {
      "version": "1.2.8",
      "resolved": "https://registry.npmjs.org/minimist/-/minimist-1.2.8.tgz",
      "integrity": "sha512-2yyAR8qBkN3YuheJanUpWC5U3bb5osDywNB8RzDVlDwDHbocAJveqqj1u8+SVD7jkWT4yvsHCpWqqWqAxb0zCA==",
      "dev": true,
      "funding": {
        "url": "https://github.com/sponsors/ljharb"
      }
    },
    "node_modules/stream-transform": {
      "version": "3.2.4",
      "resolved": "https://registry.npmjs.org/stream-transform/-/stream-transform-3.2.4.tgz",
      "integrity": "sha512-YoZm/eoh6f/MH7uHkq+NK3fx3JkyXbck7FcTpJavwEUg0aMINqMPkDj5uNW0CoRy7c/2NSJm0HvoyFv6dVauPA==",
      "dev": true
    }
  }
}
